
Microsoft Visual Studio Solution File, Format Version 12.00
# Visual Studio Version 16
VisualStudioVersion = 16.0.31410.357
MinimumVisualStudioVersion = 10.0.40219.1
Project("{FAE04EC0-301F-11D3-BF4B-00C04F79EFBC}") = "GetInforUser", "GetInforUser.csproj", "{F6895B35-282C-42DE-A474-729BC851D822}"
EndProject
Project("{54435603-DBB4-11D2-8724-00A0C9A8B90C}") = "GetInforUser_SETUP", "..\GetInforUser_SETUP\GetInforUser_SETUP.vdproj", "{AACACD23-67E2-4112-89D8-E6F329F972D4}"
EndProject
Project("{FAE04EC0-301F-11D3-BF4B-00C04F79EFBC}") = "TesteMetodos", "..\TesteMetodos\TesteMetodos.csproj", "{C8370702-A05C-4592-86ED-6F5E6D40666D}"
EndProject
Global
	GlobalSection(SolutionConfigurationPlatforms) = preSolution
		Debug|Any CPU = Debug|Any CPU
		Release|Any CPU = Release|Any CPU
	EndGlobalSection
	GlobalSection(ProjectConfigurationPlatforms) = postSolution
		{F6895B35-282C-42DE-A474-729BC851D822}.Debug|Any CPU.ActiveCfg = Debug|Any CPU
		{F6895B35-282C-42DE-A474-729BC851D822}.Debug|Any CPU.Build.0 = Debug|Any CPU
		{F6895B35-282C-42DE-A474-729BC851D822}.Release|Any CPU.ActiveCfg = Release|Any CPU
		{F6895B35-282C-42DE-A474-729BC851D822}.Release|Any CPU.Build.0 = Release|Any CPU
		{AACACD23-67E2-4112-89D8-E6F329F972D4}.Debug|Any CPU.ActiveCfg = Debug
		{AACACD23-67E2-4112-89D8-E6F329F972D4}.Debug|Any CPU.Build.0 = Debug
		{AACACD23-67E2-4112-89D8-E6F329F972D4}.Release|Any CPU.ActiveCfg = Release
		{C8370702-A05C-4592-86ED-6F5E6D40666D}.Debug|Any CPU.ActiveCfg = Debug|Any CPU
		{C8370702-A05C-4592-86ED-6F5E6D40666D}.Debug|Any CPU.Build.0 = Debug|Any CPU
		{C8370702-A05C-4592-86ED-6F5E6D40666D}.Release|Any CPU.ActiveCfg = Release|Any CPU
		{C8370702-A05C-4592-86ED-6F5E6D40666D}.Release|Any CPU.Build.0 = Release|Any CPU
	EndGlobalSection
	GlobalSection(SolutionProperties) = preSolution
		HideSolutionNode = FALSE
	EndGlobalSection
	GlobalSection(ExtensibilityGlobals) = postSolution
		SolutionGuid = {6CB3A98A-BA19-4E81-9A84-78ED29E0A17B}
	EndGlobalSection
EndGlobal
